// !$*UTF8*$!
{
	archiveVersion = 1;
	classes = {
	};
	objectVersion = 56;
	objects = {

/* Begin PBXBuildFile section */
		0533AA8A2CA630E1004E00A3 /* AppDelegate.swift in Sources */ = {isa = PBXBuildFile; fileRef = 0533AA892CA630E1004E00A3 /* AppDelegate.swift */; };
		0533AA8C2CA630E1004E00A3 /* SceneDelegate.swift in Sources */ = {isa = PBXBuildFile; fileRef = 0533AA8B2CA630E1004E00A3 /* SceneDelegate.swift */; };
		0533AA932CA630E2004E00A3 /* Assets.xcassets in Resources */ = {isa = PBXBuildFile; fileRef = 0533AA922CA630E2004E00A3 /* Assets.xcassets */; };
		0533AA962CA630E2004E00A3 /* Base in Resources */ = {isa = PBXBuildFile; fileRef = 0533AA952CA630E2004E00A3 /* Base */; };
		0533AAA12CA630E2004E00A3 /* BankMisrMovieAppTests.swift in Sources */ = {isa = PBXBuildFile; fileRef = 0533AAA02CA630E2004E00A3 /* BankMisrMovieAppTests.swift */; };
		0533AAAB2CA630E2004E00A3 /* BankMisrMovieAppUITests.swift in Sources */ = {isa = PBXBuildFile; fileRef = 0533AAAA2CA630E2004E00A3 /* BankMisrMovieAppUITests.swift */; };
		0533AAAD2CA630E2004E00A3 /* BankMisrMovieAppUITestsLaunchTests.swift in Sources */ = {isa = PBXBuildFile; fileRef = 0533AAAC2CA630E2004E00A3 /* BankMisrMovieAppUITestsLaunchTests.swift */; };
		0533AABE2CA63272004E00A3 /* NetworkManager.swift in Sources */ = {isa = PBXBuildFile; fileRef = 0533AABD2CA63272004E00A3 /* NetworkManager.swift */; };
		0533AAC12CA632AC004E00A3 /* internetConnectivity.swift in Sources */ = {isa = PBXBuildFile; fileRef = 0533AAC02CA632AC004E00A3 /* internetConnectivity.swift */; };
		0533AAC52CA633A7004E00A3 /* TabBarViewController.swift in Sources */ = {isa = PBXBuildFile; fileRef = 0533AAC42CA633A7004E00A3 /* TabBarViewController.swift */; };
		0533AACB2CA63410004E00A3 /* NowPlayingViewController.swift in Sources */ = {isa = PBXBuildFile; fileRef = 0533AAC92CA63410004E00A3 /* NowPlayingViewController.swift */; };
		0533AACC2CA63410004E00A3 /* NowPlayingViewController.xib in Resources */ = {isa = PBXBuildFile; fileRef = 0533AACA2CA63410004E00A3 /* NowPlayingViewController.xib */; };
		0533AAD62CA6356C004E00A3 /* UpcomingViewController.swift in Sources */ = {isa = PBXBuildFile; fileRef = 0533AAD42CA6356C004E00A3 /* UpcomingViewController.swift */; };
		0533AAD72CA6356C004E00A3 /* UpcomingViewController.xib in Resources */ = {isa = PBXBuildFile; fileRef = 0533AAD52CA6356C004E00A3 /* UpcomingViewController.xib */; };
		0533AADD2CA635E6004E00A3 /* PopularViewController.swift in Sources */ = {isa = PBXBuildFile; fileRef = 0533AADB2CA635E5004E00A3 /* PopularViewController.swift */; };
		0533AADE2CA635E6004E00A3 /* PopularViewController.xib in Resources */ = {isa = PBXBuildFile; fileRef = 0533AADC2CA635E5004E00A3 /* PopularViewController.xib */; };
		0533AAEB2CA6DF06004E00A3 /* NowPlayingCollectionViewCell.xib in Resources */ = {isa = PBXBuildFile; fileRef = 0533AAEA2CA6DF06004E00A3 /* NowPlayingCollectionViewCell.xib */; };
		0533AAEC2CA6DF06004E00A3 /* NowPlayingCollectionViewCell.swift in Sources */ = {isa = PBXBuildFile; fileRef = 0533AAE92CA6DF06004E00A3 /* NowPlayingCollectionViewCell.swift */; };
		0533AAEF2CA6E6E6004E00A3 /* upcomingViewModel.swift in Sources */ = {isa = PBXBuildFile; fileRef = 0533AAEE2CA6E6E6004E00A3 /* upcomingViewModel.swift */; };
		0533AAF22CA6E71B004E00A3 /* MoviesResponse.swift in Sources */ = {isa = PBXBuildFile; fileRef = 0533AAF12CA6E71B004E00A3 /* MoviesResponse.swift */; };
		0533AAF52CA6E74D004E00A3 /* NowPlayingViewModel.swift in Sources */ = {isa = PBXBuildFile; fileRef = 0533AAF42CA6E74D004E00A3 /* NowPlayingViewModel.swift */; };
		0533AAF92CA6E78B004E00A3 /* PopularViewModel.swift in Sources */ = {isa = PBXBuildFile; fileRef = 0533AAF82CA6E78B004E00A3 /* PopularViewModel.swift */; };
/* End PBXBuildFile section */

/* Begin PBXContainerItemProxy section */
		0533AA9D2CA630E2004E00A3 /* PBXContainerItemProxy */ = {
			isa = PBXContainerItemProxy;
			containerPortal = 0533AA7E2CA630E1004E00A3 /* Project object */;
			proxyType = 1;
			remoteGlobalIDString = 0533AA852CA630E1004E00A3;
			remoteInfo = BankMisrMovieApp;
		};
		0533AAA72CA630E2004E00A3 /* PBXContainerItemProxy */ = {
			isa = PBXContainerItemProxy;
			containerPortal = 0533AA7E2CA630E1004E00A3 /* Project object */;
			proxyType = 1;
			remoteGlobalIDString = 0533AA852CA630E1004E00A3;
			remoteInfo = BankMisrMovieApp;
		};
/* End PBXContainerItemProxy section */

/* Begin PBXFileReference section */
		0533AA862CA630E1004E00A3 /* BankMisrMovieApp.app */ = {isa = PBXFileReference; explicitFileType = wrapper.application; includeInIndex = 0; path = BankMisrMovieApp.app; sourceTree = BUILT_PRODUCTS_DIR; };
		0533AA892CA630E1004E00A3 /* AppDelegate.swift */ = {isa = PBXFileReference; lastKnownFileType = sourcecode.swift; path = AppDelegate.swift; sourceTree = "<group>"; };
		0533AA8B2CA630E1004E00A3 /* SceneDelegate.swift */ = {isa = PBXFileReference; lastKnownFileType = sourcecode.swift; path = SceneDelegate.swift; sourceTree = "<group>"; };
		0533AA922CA630E2004E00A3 /* Assets.xcassets */ = {isa = PBXFileReference; lastKnownFileType = folder.assetcatalog; path = Assets.xcassets; sourceTree = "<group>"; };
		0533AA952CA630E2004E00A3 /* Base */ = {isa = PBXFileReference; lastKnownFileType = file.storyboard; name = Base; path = Base.lproj/LaunchScreen.storyboard; sourceTree = "<group>"; };
		0533AA972CA630E2004E00A3 /* Info.plist */ = {isa = PBXFileReference; lastKnownFileType = text.plist.xml; path = Info.plist; sourceTree = "<group>"; };
		0533AA9C2CA630E2004E00A3 /* BankMisrMovieAppTests.xctest */ = {isa = PBXFileReference; explicitFileType = wrapper.cfbundle; includeInIndex = 0; path = BankMisrMovieAppTests.xctest; sourceTree = BUILT_PRODUCTS_DIR; };
		0533AAA02CA630E2004E00A3 /* BankMisrMovieAppTests.swift */ = {isa = PBXFileReference; lastKnownFileType = sourcecode.swift; path = BankMisrMovieAppTests.swift; sourceTree = "<group>"; };
		0533AAA62CA630E2004E00A3 /* BankMisrMovieAppUITests.xctest */ = {isa = PBXFileReference; explicitFileType = wrapper.cfbundle; includeInIndex = 0; path = BankMisrMovieAppUITests.xctest; sourceTree = BUILT_PRODUCTS_DIR; };
		0533AAAA2CA630E2004E00A3 /* BankMisrMovieAppUITests.swift */ = {isa = PBXFileReference; lastKnownFileType = sourcecode.swift; path = BankMisrMovieAppUITests.swift; sourceTree = "<group>"; };
		0533AAAC2CA630E2004E00A3 /* BankMisrMovieAppUITestsLaunchTests.swift */ = {isa = PBXFileReference; lastKnownFileType = sourcecode.swift; path = BankMisrMovieAppUITestsLaunchTests.swift; sourceTree = "<group>"; };
		0533AABD2CA63272004E00A3 /* NetworkManager.swift */ = {isa = PBXFileReference; lastKnownFileType = sourcecode.swift; path = NetworkManager.swift; sourceTree = "<group>"; };
		0533AAC02CA632AC004E00A3 /* internetConnectivity.swift */ = {isa = PBXFileReference; lastKnownFileType = sourcecode.swift; path = internetConnectivity.swift; sourceTree = "<group>"; };
		0533AAC42CA633A7004E00A3 /* TabBarViewController.swift */ = {isa = PBXFileReference; lastKnownFileType = sourcecode.swift; path = TabBarViewController.swift; sourceTree = "<group>"; };
		0533AAC92CA63410004E00A3 /* NowPlayingViewController.swift */ = {isa = PBXFileReference; lastKnownFileType = sourcecode.swift; path = NowPlayingViewController.swift; sourceTree = "<group>"; };
		0533AACA2CA63410004E00A3 /* NowPlayingViewController.xib */ = {isa = PBXFileReference; lastKnownFileType = file.xib; path = NowPlayingViewController.xib; sourceTree = "<group>"; };
		0533AAD42CA6356C004E00A3 /* UpcomingViewController.swift */ = {isa = PBXFileReference; lastKnownFileType = sourcecode.swift; path = UpcomingViewController.swift; sourceTree = "<group>"; };
		0533AAD52CA6356C004E00A3 /* UpcomingViewController.xib */ = {isa = PBXFileReference; lastKnownFileType = file.xib; path = UpcomingViewController.xib; sourceTree = "<group>"; };
		0533AADB2CA635E5004E00A3 /* PopularViewController.swift */ = {isa = PBXFileReference; lastKnownFileType = sourcecode.swift; path = PopularViewController.swift; sourceTree = "<group>"; };
		0533AADC2CA635E5004E00A3 /* PopularViewController.xib */ = {isa = PBXFileReference; lastKnownFileType = file.xib; path = PopularViewController.xib; sourceTree = "<group>"; };
		0533AAE92CA6DF06004E00A3 /* NowPlayingCollectionViewCell.swift */ = {isa = PBXFileReference; lastKnownFileType = sourcecode.swift; path = NowPlayingCollectionViewCell.swift; sourceTree = "<group>"; };
		0533AAEA2CA6DF06004E00A3 /* NowPlayingCollectionViewCell.xib */ = {isa = PBXFileReference; lastKnownFileType = file.xib; path = NowPlayingCollectionViewCell.xib; sourceTree = "<group>"; };
		0533AAEE2CA6E6E6004E00A3 /* upcomingViewModel.swift */ = {isa = PBXFileReference; lastKnownFileType = sourcecode.swift; path = upcomingViewModel.swift; sourceTree = "<group>"; };
		0533AAF12CA6E71B004E00A3 /* MoviesResponse.swift */ = {isa = PBXFileReference; lastKnownFileType = sourcecode.swift; path = MoviesResponse.swift; sourceTree = "<group>"; };
		0533AAF42CA6E74D004E00A3 /* NowPlayingViewModel.swift */ = {isa = PBXFileReference; lastKnownFileType = sourcecode.swift; path = NowPlayingViewModel.swift; sourceTree = "<group>"; };
		0533AAF82CA6E78B004E00A3 /* PopularViewModel.swift */ = {isa = PBXFileReference; lastKnownFileType = sourcecode.swift; path = PopularViewModel.swift; sourceTree = "<group>"; };
/* End PBXFileReference section */

/* Begin PBXFrameworksBuildPhase section */
		0533AA832CA630E1004E00A3 /* Frameworks */ = {
			isa = PBXFrameworksBuildPhase;
			buildActionMask = 2147483647;
			files = (
			);
			runOnlyForDeploymentPostprocessing = 0;
		};
		0533AA992CA630E2004E00A3 /* Frameworks */ = {
			isa = PBXFrameworksBuildPhase;
			buildActionMask = 2147483647;
			files = (
			);
			runOnlyForDeploymentPostprocessing = 0;
		};
		0533AAA32CA630E2004E00A3 /* Frameworks */ = {
			isa = PBXFrameworksBuildPhase;
			buildActionMask = 2147483647;
			files = (
			);
			runOnlyForDeploymentPostprocessing = 0;
		};
/* End PBXFrameworksBuildPhase section */

/* Begin PBXGroup section */
		0533AA7D2CA630E1004E00A3 = {
			isa = PBXGroup;
			children = (
				0533AA882CA630E1004E00A3 /* BankMisrMovieApp */,
				0533AA9F2CA630E2004E00A3 /* BankMisrMovieAppTests */,
				0533AAA92CA630E2004E00A3 /* BankMisrMovieAppUITests */,
				0533AA872CA630E1004E00A3 /* Products */,
			);
			sourceTree = "<group>";
		};
		0533AA872CA630E1004E00A3 /* Products */ = {
			isa = PBXGroup;
			children = (
				0533AA862CA630E1004E00A3 /* BankMisrMovieApp.app */,
				0533AA9C2CA630E2004E00A3 /* BankMisrMovieAppTests.xctest */,
				0533AAA62CA630E2004E00A3 /* BankMisrMovieAppUITests.xctest */,
			);
			name = Products;
			sourceTree = "<group>";
		};
		0533AA882CA630E1004E00A3 /* BankMisrMovieApp */ = {
			isa = PBXGroup;
			children = (
				0533AAF02CA6E70A004E00A3 /* Model */,
				0533AAC22CA6337A004E00A3 /* Scenes */,
				0533AABB2CA6324B004E00A3 /* Services */,
				0533AABA2CA63133004E00A3 /* Utilities */,
				0533AAB92CA63123004E00A3 /* Core */,
			);
			path = BankMisrMovieApp;
			sourceTree = "<group>";
		};
		0533AA9F2CA630E2004E00A3 /* BankMisrMovieAppTests */ = {
			isa = PBXGroup;
			children = (
				0533AAA02CA630E2004E00A3 /* BankMisrMovieAppTests.swift */,
			);
			path = BankMisrMovieAppTests;
			sourceTree = "<group>";
		};
		0533AAA92CA630E2004E00A3 /* BankMisrMovieAppUITests */ = {
			isa = PBXGroup;
			children = (
				0533AAAA2CA630E2004E00A3 /* BankMisrMovieAppUITests.swift */,
				0533AAAC2CA630E2004E00A3 /* BankMisrMovieAppUITestsLaunchTests.swift */,
			);
			path = BankMisrMovieAppUITests;
			sourceTree = "<group>";
		};
		0533AAB92CA63123004E00A3 /* Core */ = {
			isa = PBXGroup;
			children = (
				0533AA892CA630E1004E00A3 /* AppDelegate.swift */,
				0533AA8B2CA630E1004E00A3 /* SceneDelegate.swift */,
			);
			path = Core;
			sourceTree = "<group>";
		};
		0533AABA2CA63133004E00A3 /* Utilities */ = {
			isa = PBXGroup;
			children = (
				0533AA972CA630E2004E00A3 /* Info.plist */,
				0533AA942CA630E2004E00A3 /* LaunchScreen.storyboard */,
				0533AA922CA630E2004E00A3 /* Assets.xcassets */,
			);
			path = Utilities;
			sourceTree = "<group>";
		};
		0533AABB2CA6324B004E00A3 /* Services */ = {
			isa = PBXGroup;
			children = (
				0533AABF2CA63292004E00A3 /* InternetConnectivity */,
				0533AABC2CA6325C004E00A3 /* NetworkManager */,
			);
			path = Services;
			sourceTree = "<group>";
		};
		0533AABC2CA6325C004E00A3 /* NetworkManager */ = {
			isa = PBXGroup;
			children = (
				0533AABD2CA63272004E00A3 /* NetworkManager.swift */,
			);
			path = NetworkManager;
			sourceTree = "<group>";
		};
		0533AABF2CA63292004E00A3 /* InternetConnectivity */ = {
			isa = PBXGroup;
			children = (
				0533AAC02CA632AC004E00A3 /* internetConnectivity.swift */,
			);
			path = InternetConnectivity;
			sourceTree = "<group>";
		};
		0533AAC22CA6337A004E00A3 /* Scenes */ = {
			isa = PBXGroup;
			children = (
				0533AAD82CA635B3004E00A3 /* PopularModule */,
				0533AAD12CA6353F004E00A3 /* UpcomingModule */,
				0533AAC62CA633E6004E00A3 /* NowPlayingModule */,
				0533AAC32CA63386004E00A3 /* TabBar */,
			);
			path = Scenes;
			sourceTree = "<group>";
		};
		0533AAC32CA63386004E00A3 /* TabBar */ = {
			isa = PBXGroup;
			children = (
				0533AAC42CA633A7004E00A3 /* TabBarViewController.swift */,
			);
			path = TabBar;
			sourceTree = "<group>";
		};
		0533AAC62CA633E6004E00A3 /* NowPlayingModule */ = {
			isa = PBXGroup;
			children = (
				0533AAC72CA633F6004E00A3 /* Presentation */,
			);
			path = NowPlayingModule;
			sourceTree = "<group>";
		};
		0533AAC72CA633F6004E00A3 /* Presentation */ = {
			isa = PBXGroup;
			children = (
				0533AAF32CA6E73C004E00A3 /* ViewModel */,
				0533AAC82CA63400004E00A3 /* View */,
			);
			path = Presentation;
			sourceTree = "<group>";
		};
		0533AAC82CA63400004E00A3 /* View */ = {
			isa = PBXGroup;
			children = (
				0533AAC92CA63410004E00A3 /* NowPlayingViewController.swift */,
				0533AACA2CA63410004E00A3 /* NowPlayingViewController.xib */,
				0533AAE92CA6DF06004E00A3 /* NowPlayingCollectionViewCell.swift */,
				0533AAEA2CA6DF06004E00A3 /* NowPlayingCollectionViewCell.xib */,
			);
			path = View;
			sourceTree = "<group>";
		};
		0533AAD12CA6353F004E00A3 /* UpcomingModule */ = {
			isa = PBXGroup;
			children = (
				0533AAD22CA6354B004E00A3 /* Presentation */,
			);
			path = UpcomingModule;
			sourceTree = "<group>";
		};
		0533AAD22CA6354B004E00A3 /* Presentation */ = {
			isa = PBXGroup;
			children = (
				0533AAED2CA6E6D0004E00A3 /* ViewModel */,
				0533AAD32CA63554004E00A3 /* View */,
			);
			path = Presentation;
			sourceTree = "<group>";
		};
		0533AAD32CA63554004E00A3 /* View */ = {
			isa = PBXGroup;
			children = (
				0533AAD42CA6356C004E00A3 /* UpcomingViewController.swift */,
				0533AAD52CA6356C004E00A3 /* UpcomingViewController.xib */,
			);
			path = View;
			sourceTree = "<group>";
		};
		0533AAD82CA635B3004E00A3 /* PopularModule */ = {
			isa = PBXGroup;
			children = (
				0533AAD92CA635CA004E00A3 /* Presentation */,
			);
			path = PopularModule;
			sourceTree = "<group>";
		};
		0533AAD92CA635CA004E00A3 /* Presentation */ = {
			isa = PBXGroup;
			children = (
				0533AAF72CA6E774004E00A3 /* ViewModel */,
				0533AADA2CA635D4004E00A3 /* View */,
			);
			path = Presentation;
			sourceTree = "<group>";
		};
		0533AADA2CA635D4004E00A3 /* View */ = {
			isa = PBXGroup;
			children = (
				0533AADB2CA635E5004E00A3 /* PopularViewController.swift */,
				0533AADC2CA635E5004E00A3 /* PopularViewController.xib */,
			);
			path = View;
			sourceTree = "<group>";
		};
		0533AAED2CA6E6D0004E00A3 /* ViewModel */ = {
			isa = PBXGroup;
			children = (
				0533AAEE2CA6E6E6004E00A3 /* upcomingViewModel.swift */,
			);
			path = ViewModel;
			sourceTree = "<group>";
		};
		0533AAF02CA6E70A004E00A3 /* Model */ = {
			isa = PBXGroup;
			children = (
				0533AAF12CA6E71B004E00A3 /* MoviesResponse.swift */,
			);
			path = Model;
			sourceTree = "<group>";
		};
		0533AAF32CA6E73C004E00A3 /* ViewModel */ = {
			isa = PBXGroup;
			children = (
				0533AAF42CA6E74D004E00A3 /* NowPlayingViewModel.swift */,
			);
			path = ViewModel;
			sourceTree = "<group>";
		};
		0533AAF72CA6E774004E00A3 /* ViewModel */ = {
			isa = PBXGroup;
			children = (
				0533AAF82CA6E78B004E00A3 /* PopularViewModel.swift */,
			);
			path = ViewModel;
			sourceTree = "<group>";
		};
/* End PBXGroup section */

/* Begin PBXNativeTarget section */
		0533AA852CA630E1004E00A3 /* BankMisrMovieApp */ = {
			isa = PBXNativeTarget;
			buildConfigurationList = 0533AAB02CA630E2004E00A3 /* Build configuration list for PBXNativeTarget "BankMisrMovieApp" */;
			buildPhases = (
				0533AA822CA630E1004E00A3 /* Sources */,
				0533AA832CA630E1004E00A3 /* Frameworks */,
				0533AA842CA630E1004E00A3 /* Resources */,
			);
			buildRules = (
			);
			dependencies = (
			);
			name = BankMisrMovieApp;
			productName = BankMisrMovieApp;
			productReference = 0533AA862CA630E1004E00A3 /* BankMisrMovieApp.app */;
			productType = "com.apple.product-type.application";
		};
		0533AA9B2CA630E2004E00A3 /* BankMisrMovieAppTests */ = {
			isa = PBXNativeTarget;
			buildConfigurationList = 0533AAB32CA630E2004E00A3 /* Build configuration list for PBXNativeTarget "BankMisrMovieAppTests" */;
			buildPhases = (
				0533AA982CA630E2004E00A3 /* Sources */,
				0533AA992CA630E2004E00A3 /* Frameworks */,
				0533AA9A2CA630E2004E00A3 /* Resources */,
			);
			buildRules = (
			);
			dependencies = (
				0533AA9E2CA630E2004E00A3 /* PBXTargetDependency */,
			);
			name = BankMisrMovieAppTests;
			productName = BankMisrMovieAppTests;
			productReference = 0533AA9C2CA630E2004E00A3 /* BankMisrMovieAppTests.xctest */;
			productType = "com.apple.product-type.bundle.unit-test";
		};
		0533AAA52CA630E2004E00A3 /* BankMisrMovieAppUITests */ = {
			isa = PBXNativeTarget;
			buildConfigurationList = 0533AAB62CA630E2004E00A3 /* Build configuration list for PBXNativeTarget "BankMisrMovieAppUITests" */;
			buildPhases = (
				0533AAA22CA630E2004E00A3 /* Sources */,
				0533AAA32CA630E2004E00A3 /* Frameworks */,
				0533AAA42CA630E2004E00A3 /* Resources */,
			);
			buildRules = (
			);
			dependencies = (
				0533AAA82CA630E2004E00A3 /* PBXTargetDependency */,
			);
			name = BankMisrMovieAppUITests;
			productName = BankMisrMovieAppUITests;
			productReference = 0533AAA62CA630E2004E00A3 /* BankMisrMovieAppUITests.xctest */;
			productType = "com.apple.product-type.bundle.ui-testing";
		};
/* End PBXNativeTarget section */

/* Begin PBXProject section */
		0533AA7E2CA630E1004E00A3 /* Project object */ = {
			isa = PBXProject;
			attributes = {
				BuildIndependentTargetsInParallel = 1;
				LastSwiftUpdateCheck = 1540;
				LastUpgradeCheck = 1540;
				TargetAttributes = {
					0533AA852CA630E1004E00A3 = {
						CreatedOnToolsVersion = 15.4;
					};
					0533AA9B2CA630E2004E00A3 = {
						CreatedOnToolsVersion = 15.4;
						TestTargetID = 0533AA852CA630E1004E00A3;
					};
					0533AAA52CA630E2004E00A3 = {
						CreatedOnToolsVersion = 15.4;
						TestTargetID = 0533AA852CA630E1004E00A3;
					};
				};
			};
			buildConfigurationList = 0533AA812CA630E1004E00A3 /* Build configuration list for PBXProject "BankMisrMovieApp" */;
			compatibilityVersion = "Xcode 14.0";
			developmentRegion = en;
			hasScannedForEncodings = 0;
			knownRegions = (
				en,
				Base,
			);
			mainGroup = 0533AA7D2CA630E1004E00A3;
			productRefGroup = 0533AA872CA630E1004E00A3 /* Products */;
			projectDirPath = "";
			projectRoot = "";
			targets = (
				0533AA852CA630E1004E00A3 /* BankMisrMovieApp */,
				0533AA9B2CA630E2004E00A3 /* BankMisrMovieAppTests */,
				0533AAA52CA630E2004E00A3 /* BankMisrMovieAppUITests */,
			);
		};
/* End PBXProject section */

/* Begin PBXResourcesBuildPhase section */
		0533AA842CA630E1004E00A3 /* Resources */ = {
			isa = PBXResourcesBuildPhase;
			buildActionMask = 2147483647;
			files = (
				0533AA932CA630E2004E00A3 /* Assets.xcassets in Resources */,
				0533AA962CA630E2004E00A3 /* Base in Resources */,
				0533AAEB2CA6DF06004E00A3 /* NowPlayingCollectionViewCell.xib in Resources */,
				0533AAD72CA6356C004E00A3 /* UpcomingViewController.xib in Resources */,
				0533AACC2CA63410004E00A3 /* NowPlayingViewController.xib in Resources */,
				0533AADE2CA635E6004E00A3 /* PopularViewController.xib in Resources */,
			);
			runOnlyForDeploymentPostprocessing = 0;
		};
		0533AA9A2CA630E2004E00A3 /* Resources */ = {
			isa = PBXResourcesBuildPhase;
			buildActionMask = 2147483647;
			files = (
			);
			runOnlyForDeploymentPostprocessing = 0;
		};
		0533AAA42CA630E2004E00A3 /* Resources */ = {
			isa = PBXResourcesBuildPhase;
			buildActionMask = 2147483647;
			files = (
			);
			runOnlyForDeploymentPostprocessing = 0;
		};
/* End PBXResourcesBuildPhase section */

/* Begin PBXSourcesBuildPhase section */
		0533AA822CA630E1004E00A3 /* Sources */ = {
			isa = PBXSourcesBuildPhase;
			buildActionMask = 2147483647;
			files = (
				0533AAEF2CA6E6E6004E00A3 /* upcomingViewModel.swift in Sources */,
				0533AAD62CA6356C004E00A3 /* UpcomingViewController.swift in Sources */,
				0533AABE2CA63272004E00A3 /* NetworkManager.swift in Sources */,
				0533AAC12CA632AC004E00A3 /* internetConnectivity.swift in Sources */,
				0533AADD2CA635E6004E00A3 /* PopularViewController.swift in Sources */,
				0533AAF22CA6E71B004E00A3 /* MoviesResponse.swift in Sources */,
				0533AA8A2CA630E1004E00A3 /* AppDelegate.swift in Sources */,
				0533AAC52CA633A7004E00A3 /* TabBarViewController.swift in Sources */,
				0533AAF52CA6E74D004E00A3 /* NowPlayingViewModel.swift in Sources */,
				0533AACB2CA63410004E00A3 /* NowPlayingViewController.swift in Sources */,
				0533AA8C2CA630E1004E00A3 /* SceneDelegate.swift in Sources */,
				0533AAF92CA6E78B004E00A3 /* PopularViewModel.swift in Sources */,
				0533AAEC2CA6DF06004E00A3 /* NowPlayingCollectionViewCell.swift in Sources */,
			);
			runOnlyForDeploymentPostprocessing = 0;
		};
		0533AA982CA630E2004E00A3 /* Sources */ = {
			isa = PBXSourcesBuildPhase;
			buildActionMask = 2147483647;
			files = (
				0533AAA12CA630E2004E00A3 /* BankMisrMovieAppTests.swift in Sources */,
			);
			runOnlyForDeploymentPostprocessing = 0;
		};
		0533AAA22CA630E2004E00A3 /* Sources */ = {
			isa = PBXSourcesBuildPhase;
			buildActionMask = 2147483647;
			files = (
				0533AAAD2CA630E2004E00A3 /* BankMisrMovieAppUITestsLaunchTests.swift in Sources */,
				0533AAAB2CA630E2004E00A3 /* BankMisrMovieAppUITests.swift in Sources */,
			);
			runOnlyForDeploymentPostprocessing = 0;
		};
/* End PBXSourcesBuildPhase section */

/* Begin PBXTargetDependency section */
		0533AA9E2CA630E2004E00A3 /* PBXTargetDependency */ = {
			isa = PBXTargetDependency;
			target = 0533AA852CA630E1004E00A3 /* BankMisrMovieApp */;
			targetProxy = 0533AA9D2CA630E2004E00A3 /* PBXContainerItemProxy */;
		};
		0533AAA82CA630E2004E00A3 /* PBXTargetDependency */ = {
			isa = PBXTargetDependency;
			target = 0533AA852CA630E1004E00A3 /* BankMisrMovieApp */;
			targetProxy = 0533AAA72CA630E2004E00A3 /* PBXContainerItemProxy */;
		};
/* End PBXTargetDependency section */

/* Begin PBXVariantGroup section */
		0533AA942CA630E2004E00A3 /* LaunchScreen.storyboard */ = {
			isa = PBXVariantGroup;
			children = (
				0533AA952CA630E2004E00A3 /* Base */,
			);
			name = LaunchScreen.storyboard;
			sourceTree = "<group>";
		};
/* End PBXVariantGroup section */

/* Begin XCBuildConfiguration section */
		0533AAAE2CA630E2004E00A3 /* Debug */ = {
			isa = XCBuildConfiguration;
			buildSettings = {
				ALWAYS_SEARCH_USER_PATHS = NO;
				ASSETCATALOG_COMPILER_GENERATE_SWIFT_ASSET_SYMBOL_EXTENSIONS = YES;
				CLANG_ANALYZER_NONNULL = YES;
				CLANG_ANALYZER_NUMBER_OBJECT_CONVERSION = YES_AGGRESSIVE;
				CLANG_CXX_LANGUAGE_STANDARD = "gnu++20";
				CLANG_ENABLE_MODULES = YES;
				CLANG_ENABLE_OBJC_ARC = YES;
				CLANG_ENABLE_OBJC_WEAK = YES;
				CLANG_WARN_BLOCK_CAPTURE_AUTORELEASING = YES;
				CLANG_WARN_BOOL_CONVERSION = YES;
				CLANG_WARN_COMMA = YES;
				CLANG_WARN_CONSTANT_CONVERSION = YES;
				CLANG_WARN_DEPRECATED_OBJC_IMPLEMENTATIONS = YES;
				CLANG_WARN_DIRECT_OBJC_ISA_USAGE = YES_ERROR;
				CLANG_WARN_DOCUMENTATION_COMMENTS = YES;
				CLANG_WARN_EMPTY_BODY = YES;
				CLANG_WARN_ENUM_CONVERSION = YES;
				CLANG_WARN_INFINITE_RECURSION = YES;
				CLANG_WARN_INT_CONVERSION = YES;
				CLANG_WARN_NON_LITERAL_NULL_CONVERSION = YES;
				CLANG_WARN_OBJC_IMPLICIT_RETAIN_SELF = YES;
				CLANG_WARN_OBJC_LITERAL_CONVERSION = YES;
				CLANG_WARN_OBJC_ROOT_CLASS = YES_ERROR;
				CLANG_WARN_QUOTED_INCLUDE_IN_FRAMEWORK_HEADER = YES;
				CLANG_WARN_RANGE_LOOP_ANALYSIS = YES;
				CLANG_WARN_STRICT_PROTOTYPES = YES;
				CLANG_WARN_SUSPICIOUS_MOVE = YES;
				CLANG_WARN_UNGUARDED_AVAILABILITY = YES_AGGRESSIVE;
				CLANG_WARN_UNREACHABLE_CODE = YES;
				CLANG_WARN__DUPLICATE_METHOD_MATCH = YES;
				COPY_PHASE_STRIP = NO;
				DEBUG_INFORMATION_FORMAT = dwarf;
				ENABLE_STRICT_OBJC_MSGSEND = YES;
				ENABLE_TESTABILITY = YES;
				ENABLE_USER_SCRIPT_SANDBOXING = YES;
				GCC_C_LANGUAGE_STANDARD = gnu17;
				GCC_DYNAMIC_NO_PIC = NO;
				GCC_NO_COMMON_BLOCKS = YES;
				GCC_OPTIMIZATION_LEVEL = 0;
				GCC_PREPROCESSOR_DEFINITIONS = (
					"DEBUG=1",
					"$(inherited)",
				);
				GCC_WARN_64_TO_32_BIT_CONVERSION = YES;
				GCC_WARN_ABOUT_RETURN_TYPE = YES_ERROR;
				GCC_WARN_UNDECLARED_SELECTOR = YES;
				GCC_WARN_UNINITIALIZED_AUTOS = YES_AGGRESSIVE;
				GCC_WARN_UNUSED_FUNCTION = YES;
				GCC_WARN_UNUSED_VARIABLE = YES;
				IPHONEOS_DEPLOYMENT_TARGET = 17.5;
				LOCALIZATION_PREFERS_STRING_CATALOGS = YES;
				MTL_ENABLE_DEBUG_INFO = INCLUDE_SOURCE;
				MTL_FAST_MATH = YES;
				ONLY_ACTIVE_ARCH = YES;
				SDKROOT = iphoneos;
				SWIFT_ACTIVE_COMPILATION_CONDITIONS = "DEBUG $(inherited)";
				SWIFT_OPTIMIZATION_LEVEL = "-Onone";
			};
			name = Debug;
		};
		0533AAAF2CA630E2004E00A3 /* Release */ = {
			isa = XCBuildConfiguration;
			buildSettings = {
				ALWAYS_SEARCH_USER_PATHS = NO;
				ASSETCATALOG_COMPILER_GENERATE_SWIFT_ASSET_SYMBOL_EXTENSIONS = YES;
				CLANG_ANALYZER_NONNULL = YES;
				CLANG_ANALYZER_NUMBER_OBJECT_CONVERSION = YES_AGGRESSIVE;
				CLANG_CXX_LANGUAGE_STANDARD = "gnu++20";
				CLANG_ENABLE_MODULES = YES;
				CLANG_ENABLE_OBJC_ARC = YES;
				CLANG_ENABLE_OBJC_WEAK = YES;
				CLANG_WARN_BLOCK_CAPTURE_AUTORELEASING = YES;
				CLANG_WARN_BOOL_CONVERSION = YES;
				CLANG_WARN_COMMA = YES;
				CLANG_WARN_CONSTANT_CONVERSION = YES;
				CLANG_WARN_DEPRECATED_OBJC_IMPLEMENTATIONS = YES;
				CLANG_WARN_DIRECT_OBJC_ISA_USAGE = YES_ERROR;
				CLANG_WARN_DOCUMENTATION_COMMENTS = YES;
				CLANG_WARN_EMPTY_BODY = YES;
				CLANG_WARN_ENUM_CONVERSION = YES;
				CLANG_WARN_INFINITE_RECURSION = YES;
				CLANG_WARN_INT_CONVERSION = YES;
				CLANG_WARN_NON_LITERAL_NULL_CONVERSION = YES;
				CLANG_WARN_OBJC_IMPLICIT_RETAIN_SELF = YES;
				CLANG_WARN_OBJC_LITERAL_CONVERSION = YES;
				CLANG_WARN_OBJC_ROOT_CLASS = YES_ERROR;
				CLANG_WARN_QUOTED_INCLUDE_IN_FRAMEWORK_HEADER = YES;
				CLANG_WARN_RANGE_LOOP_ANALYSIS = YES;
				CLANG_WARN_STRICT_PROTOTYPES = YES;
				CLANG_WARN_SUSPICIOUS_MOVE = YES;
				CLANG_WARN_UNGUARDED_AVAILABILITY = YES_AGGRESSIVE;
				CLANG_WARN_UNREACHABLE_CODE = YES;
				CLANG_WARN__DUPLICATE_METHOD_MATCH = YES;
				COPY_PHASE_STRIP = NO;
				DEBUG_INFORMATION_FORMAT = "dwarf-with-dsym";
				ENABLE_NS_ASSERTIONS = NO;
				ENABLE_STRICT_OBJC_MSGSEND = YES;
				ENABLE_USER_SCRIPT_SANDBOXING = YES;
				GCC_C_LANGUAGE_STANDARD = gnu17;
				GCC_NO_COMMON_BLOCKS = YES;
				GCC_WARN_64_TO_32_BIT_CONVERSION = YES;
				GCC_WARN_ABOUT_RETURN_TYPE = YES_ERROR;
				GCC_WARN_UNDECLARED_SELECTOR = YES;
				GCC_WARN_UNINITIALIZED_AUTOS = YES_AGGRESSIVE;
				GCC_WARN_UNUSED_FUNCTION = YES;
				GCC_WARN_UNUSED_VARIABLE = YES;
				IPHONEOS_DEPLOYMENT_TARGET = 17.5;
				LOCALIZATION_PREFERS_STRING_CATALOGS = YES;
				MTL_ENABLE_DEBUG_INFO = NO;
				MTL_FAST_MATH = YES;
				SDKROOT = iphoneos;
				SWIFT_COMPILATION_MODE = wholemodule;
				VALIDATE_PRODUCT = YES;
			};
			name = Release;
		};
		0533AAB12CA630E2004E00A3 /* Debug */ = {
			isa = XCBuildConfiguration;
			buildSettings = {
				ASSETCATALOG_COMPILER_APPICON_NAME = AppIcon;
				ASSETCATALOG_COMPILER_GLOBAL_ACCENT_COLOR_NAME = AccentColor;
				CODE_SIGN_STYLE = Automatic;
				CURRENT_PROJECT_VERSION = 1;
				GENERATE_INFOPLIST_FILE = YES;
				INFOPLIST_FILE = BankMisrMovieApp/Utilities/Info.plist;
				INFOPLIST_KEY_UIApplicationSupportsIndirectInputEvents = YES;
				INFOPLIST_KEY_UILaunchStoryboardName = LaunchScreen;
				INFOPLIST_KEY_UISupportedInterfaceOrientations_iPad = "UIInterfaceOrientationPortrait UIInterfaceOrientationPortraitUpsideDown UIInterfaceOrientationLandscapeLeft UIInterfaceOrientationLandscapeRight";
				INFOPLIST_KEY_UISupportedInterfaceOrientations_iPhone = "UIInterfaceOrientationPortrait UIInterfaceOrientationLandscapeLeft UIInterfaceOrientationLandscapeRight";
				IPHONEOS_DEPLOYMENT_TARGET = 17.5;
				LD_RUNPATH_SEARCH_PATHS = (
					"$(inherited)",
					"@executable_path/Frameworks",
				);
				MARKETING_VERSION = 1.0;
				PRODUCT_BUNDLE_IDENTIFIER = com.BankMisrMovieApp;
				PRODUCT_NAME = "$(TARGET_NAME)";
				SUPPORTED_PLATFORMS = "iphoneos iphonesimulator";
				SUPPORTS_MACCATALYST = NO;
				SUPPORTS_MAC_DESIGNED_FOR_IPHONE_IPAD = NO;
				SUPPORTS_XR_DESIGNED_FOR_IPHONE_IPAD = NO;
				SWIFT_EMIT_LOC_STRINGS = YES;
				SWIFT_VERSION = 5.0;
				TARGETED_DEVICE_FAMILY = "1,2";
			};
			name = Debug;
		};
		0533AAB22CA630E2004E00A3 /* Release */ = {
			isa = XCBuildConfiguration;
			buildSettings = {
				ASSETCATALOG_COMPILER_APPICON_NAME = AppIcon;
				ASSETCATALOG_COMPILER_GLOBAL_ACCENT_COLOR_NAME = AccentColor;
				CODE_SIGN_STYLE = Automatic;
				CURRENT_PROJECT_VERSION = 1;
				GENERATE_INFOPLIST_FILE = YES;
				INFOPLIST_FILE = BankMisrMovieApp/Utilities/Info.plist;
				INFOPLIST_KEY_UIApplicationSupportsIndirectInputEvents = YES;
				INFOPLIST_KEY_UILaunchStoryboardName = LaunchScreen;
				INFOPLIST_KEY_UISupportedInterfaceOrientations_iPad = "UIInterfaceOrientationPortrait UIInterfaceOrientationPortraitUpsideDown UIInterfaceOrientationLandscapeLeft UIInterfaceOrientationLandscapeRight";
				INFOPLIST_KEY_UISupportedInterfaceOrientations_iPhone = "UIInterfaceOrientationPortrait UIInterfaceOrientationLandscapeLeft UIInterfaceOrientationLandscapeRight";
				IPHONEOS_DEPLOYMENT_TARGET = 17.5;
				LD_RUNPATH_SEARCH_PATHS = (
					"$(inherited)",
					"@executable_path/Frameworks",
				);
				MARKETING_VERSION = 1.0;
				PRODUCT_BUNDLE_IDENTIFIER = com.BankMisrMovieApp;
				PRODUCT_NAME = "$(TARGET_NAME)";
				SUPPORTED_PLATFORMS = "iphoneos iphonesimulator";
				SUPPORTS_MACCATALYST = NO;
				SUPPORTS_MAC_DESIGNED_FOR_IPHONE_IPAD = NO;
				SUPPORTS_XR_DESIGNED_FOR_IPHONE_IPAD = NO;
				SWIFT_EMIT_LOC_STRINGS = YES;
				SWIFT_VERSION = 5.0;
				TARGETED_DEVICE_FAMILY = "1,2";
			};
			name = Release;
		};
		0533AAB42CA630E2004E00A3 /* Debug */ = {
			isa = XCBuildConfiguration;
			buildSettings = {
				ALWAYS_EMBED_SWIFT_STANDARD_LIBRARIES = YES;
				BUNDLE_LOADER = "$(TEST_HOST)";
				CODE_SIGN_STYLE = Automatic;
				CURRENT_PROJECT_VERSION = 1;
				GENERATE_INFOPLIST_FILE = YES;
				IPHONEOS_DEPLOYMENT_TARGET = 17.5;
				MARKETING_VERSION = 1.0;
				PRODUCT_BUNDLE_IDENTIFIER = com.BankMisrMovieAppTests;
				PRODUCT_NAME = "$(TARGET_NAME)";
				SWIFT_EMIT_LOC_STRINGS = NO;
				SWIFT_VERSION = 5.0;
				TARGETED_DEVICE_FAMILY = "1,2";
				TEST_HOST = "$(BUILT_PRODUCTS_DIR)/BankMisrMovieApp.app/$(BUNDLE_EXECUTABLE_FOLDER_PATH)/BankMisrMovieApp";
			};
			name = Debug;
		};
		0533AAB52CA630E2004E00A3 /* Release */ = {
			isa = XCBuildConfiguration;
			buildSettings = {
				ALWAYS_EMBED_SWIFT_STANDARD_LIBRARIES = YES;
				BUNDLE_LOADER = "$(TEST_HOST)";
				CODE_SIGN_STYLE = Automatic;
				CURRENT_PROJECT_VERSION = 1;
				GENERATE_INFOPLIST_FILE = YES;
				IPHONEOS_DEPLOYMENT_TARGET = 17.5;
				MARKETING_VERSION = 1.0;
				PRODUCT_BUNDLE_IDENTIFIER = com.BankMisrMovieAppTests;
				PRODUCT_NAME = "$(TARGET_NAME)";
				SWIFT_EMIT_LOC_STRINGS = NO;
				SWIFT_VERSION = 5.0;
				TARGETED_DEVICE_FAMILY = "1,2";
				TEST_HOST = "$(BUILT_PRODUCTS_DIR)/BankMisrMovieApp.app/$(BUNDLE_EXECUTABLE_FOLDER_PATH)/BankMisrMovieApp";
			};
			name = Release;
		};
		0533AAB72CA630E2004E00A3 /* Debug */ = {
			isa = XCBuildConfiguration;
			buildSettings = {
				ALWAYS_EMBED_SWIFT_STANDARD_LIBRARIES = YES;
				CODE_SIGN_STYLE = Automatic;
				CURRENT_PROJECT_VERSION = 1;
				GENERATE_INFOPLIST_FILE = YES;
				MARKETING_VERSION = 1.0;
				PRODUCT_BUNDLE_IDENTIFIER = com.BankMisrMovieAppUITests;
				PRODUCT_NAME = "$(TARGET_NAME)";
				SWIFT_EMIT_LOC_STRINGS = NO;
				SWIFT_VERSION = 5.0;
				TARGETED_DEVICE_FAMILY = "1,2";
				TEST_TARGET_NAME = BankMisrMovieApp;
			};
			name = Debug;
		};
		0533AAB82CA630E2004E00A3 /* Release */ = {
			isa = XCBuildConfiguration;
			buildSettings = {
				ALWAYS_EMBED_SWIFT_STANDARD_LIBRARIES = YES;
				CODE_SIGN_STYLE = Automatic;
				CURRENT_PROJECT_VERSION = 1;
				GENERATE_INFOPLIST_FILE = YES;
				MARKETING_VERSION = 1.0;
				PRODUCT_BUNDLE_IDENTIFIER = com.BankMisrMovieAppUITests;
				PRODUCT_NAME = "$(TARGET_NAME)";
				SWIFT_EMIT_LOC_STRINGS = NO;
				SWIFT_VERSION = 5.0;
				TARGETED_DEVICE_FAMILY = "1,2";
				TEST_TARGET_NAME = BankMisrMovieApp;
			};
			name = Release;
		};
/* End XCBuildConfiguration section */

/* Begin XCConfigurationList section */
		0533AA812CA630E1004E00A3 /* Build configuration list for PBXProject "BankMisrMovieApp" */ = {
			isa = XCConfigurationList;
			buildConfigurations = (
				0533AAAE2CA630E2004E00A3 /* Debug */,
				0533AAAF2CA630E2004E00A3 /* Release */,
			);
			defaultConfigurationIsVisible = 0;
			defaultConfigurationName = Release;
		};
		0533AAB02CA630E2004E00A3 /* Build configuration list for PBXNativeTarget "BankMisrMovieApp" */ = {
			isa = XCConfigurationList;
			buildConfigurations = (
				0533AAB12CA630E2004E00A3 /* Debug */,
				0533AAB22CA630E2004E00A3 /* Release */,
			);
			defaultConfigurationIsVisible = 0;
			defaultConfigurationName = Release;
		};
		0533AAB32CA630E2004E00A3 /* Build configuration list for PBXNativeTarget "BankMisrMovieAppTests" */ = {
			isa = XCConfigurationList;
			buildConfigurations = (
				0533AAB42CA630E2004E00A3 /* Debug */,
				0533AAB52CA630E2004E00A3 /* Release */,
			);
			defaultConfigurationIsVisible = 0;
			defaultConfigurationName = Release;
		};
		0533AAB62CA630E2004E00A3 /* Build configuration list for PBXNativeTarget "BankMisrMovieAppUITests" */ = {
			isa = XCConfigurationList;
			buildConfigurations = (
				0533AAB72CA630E2004E00A3 /* Debug */,
				0533AAB82CA630E2004E00A3 /* Release */,
			);
			defaultConfigurationIsVisible = 0;
			defaultConfigurationName = Release;
		};
/* End XCConfigurationList section */
	};
	rootObject = 0533AA7E2CA630E1004E00A3 /* Project object */;
}
